
Microsoft Visual Studio Solution File, Format Version 12.00
# Visual Studio 15
Project("{FAE04EC0-301F-11D3-BF4B-00C04F79EFBC}") = "OpenMediaConverter-Web", "OpenMediaConverter-Web\OpenMediaConverter-Web.csproj", "{A85B1C4E-F797-4BBA-A841-A8BB52D5CB0A}"
EndProject
Project("{FAE04EC0-301F-11D3-BF4B-00C04F79EFBC}") = "FFMpegWrapper", "FFMpegWrapper\FFMpegWrapper.csproj", "{CC0F9D56-9E58-4B69-B9EE-0DF37F462CA8}"
EndProject
Project("{FAE04EC0-301F-11D3-BF4B-00C04F79EFBC}") = "FFmpegConverter-Console", "FFmpegConverter-Console\FFmpegConverter-Console.csproj", "{C0DDF02D-7646-4A01-A73A-EAD10B88EF4C}"
EndProject
Project("{2150E333-8FDC-42A3-9474-1A3956D46DE8}") = "Root", "Root", "{9B28DA17-39CA-4E83-9746-131D84F1BD19}"
	ProjectSection(SolutionItems) = preProject
		README.md = README.md
		LICENSE = LICENSE
	EndProjectSection
EndProject
Project("{FAE04EC0-301F-11D3-BF4B-00C04F79EFBC}") = "VideoConverter", "VideoConverter\VideoConverter.csproj", "{39D36522-78B2-4092-8BE5-6C78BFAF2A20}"
EndProject
Global
	GlobalSection(SolutionConfigurationPlatforms) = preSolution
		Debug|Any CPU = Debug|Any CPU
		Release|Any CPU = Release|Any CPU
	EndGlobalSection
	GlobalSection(ProjectConfigurationPlatforms) = postSolution
		{A85B1C4E-F797-4BBA-A841-A8BB52D5CB0A}.Debug|Any CPU.ActiveCfg = Debug|Any CPU
		{A85B1C4E-F797-4BBA-A841-A8BB52D5CB0A}.Debug|Any CPU.Build.0 = Debug|Any CPU
		{A85B1C4E-F797-4BBA-A841-A8BB52D5CB0A}.Release|Any CPU.ActiveCfg = Release|Any CPU
		{A85B1C4E-F797-4BBA-A841-A8BB52D5CB0A}.Release|Any CPU.Build.0 = Release|Any CPU
		{CC0F9D56-9E58-4B69-B9EE-0DF37F462CA8}.Debug|Any CPU.ActiveCfg = Debug|Any CPU
		{CC0F9D56-9E58-4B69-B9EE-0DF37F462CA8}.Debug|Any CPU.Build.0 = Debug|Any CPU
		{CC0F9D56-9E58-4B69-B9EE-0DF37F462CA8}.Release|Any CPU.ActiveCfg = Release|Any CPU
		{CC0F9D56-9E58-4B69-B9EE-0DF37F462CA8}.Release|Any CPU.Build.0 = Release|Any CPU
		{C0DDF02D-7646-4A01-A73A-EAD10B88EF4C}.Debug|Any CPU.ActiveCfg = Debug|Any CPU
		{C0DDF02D-7646-4A01-A73A-EAD10B88EF4C}.Debug|Any CPU.Build.0 = Debug|Any CPU
		{C0DDF02D-7646-4A01-A73A-EAD10B88EF4C}.Release|Any CPU.ActiveCfg = Release|Any CPU
		{C0DDF02D-7646-4A01-A73A-EAD10B88EF4C}.Release|Any CPU.Build.0 = Release|Any CPU
		{39D36522-78B2-4092-8BE5-6C78BFAF2A20}.Debug|Any CPU.ActiveCfg = Debug|Any CPU
		{39D36522-78B2-4092-8BE5-6C78BFAF2A20}.Debug|Any CPU.Build.0 = Debug|Any CPU
		{39D36522-78B2-4092-8BE5-6C78BFAF2A20}.Release|Any CPU.ActiveCfg = Release|Any CPU
		{39D36522-78B2-4092-8BE5-6C78BFAF2A20}.Release|Any CPU.Build.0 = Release|Any CPU
	EndGlobalSection
EndGlobal
